
Microsoft Visual Studio Solution File, Format Version 12.00
# Visual Studio Version 17
VisualStudioVersion = 17.7.34009.444
MinimumVisualStudioVersion = 10.0.40219.1
Project("{9A19103F-16F7-4668-BE54-9A1E7A4F7556}") = "scheduler", "scheduler\scheduler.csproj", "{0BB9198D-D654-4941-BA2B-50582B416CE3}"
EndProject
Project("{9A19103F-16F7-4668-BE54-9A1E7A4F7556}") = "MessageProcessor", "MessageProcessor\MessageProcessor.csproj", "{2F8D22BC-4BE9-4B7A-8A1B-E92D00643083}"
EndProject
Project("{FAE04EC0-301F-11D3-BF4B-00C04F79EFBC}") = "common", "common\common.csproj", "{CDB0A0D8-85E0-40FC-BF49-58F42D76F084}"
EndProject
Global
	GlobalSection(SolutionConfigurationPlatforms) = preSolution
		Debug|Any CPU = Debug|Any CPU
		Release|Any CPU = Release|Any CPU
	EndGlobalSection
	GlobalSection(ProjectConfigurationPlatforms) = postSolution
		{0BB9198D-D654-4941-BA2B-50582B416CE3}.Debug|Any CPU.ActiveCfg = Debug|Any CPU
		{0BB9198D-D654-4941-BA2B-50582B416CE3}.Debug|Any CPU.Build.0 = Debug|Any CPU
		{0BB9198D-D654-4941-BA2B-50582B416CE3}.Release|Any CPU.ActiveCfg = Release|Any CPU
		{0BB9198D-D654-4941-BA2B-50582B416CE3}.Release|Any CPU.Build.0 = Release|Any CPU
		{2F8D22BC-4BE9-4B7A-8A1B-E92D00643083}.Debug|Any CPU.ActiveCfg = Debug|Any CPU
		{2F8D22BC-4BE9-4B7A-8A1B-E92D00643083}.Debug|Any CPU.Build.0 = Debug|Any CPU
		{2F8D22BC-4BE9-4B7A-8A1B-E92D00643083}.Release|Any CPU.ActiveCfg = Release|Any CPU
		{2F8D22BC-4BE9-4B7A-8A1B-E92D00643083}.Release|Any CPU.Build.0 = Release|Any CPU
		{CDB0A0D8-85E0-40FC-BF49-58F42D76F084}.Debug|Any CPU.ActiveCfg = Debug|Any CPU
		{CDB0A0D8-85E0-40FC-BF49-58F42D76F084}.Debug|Any CPU.Build.0 = Debug|Any CPU
		{CDB0A0D8-85E0-40FC-BF49-58F42D76F084}.Release|Any CPU.ActiveCfg = Release|Any CPU
		{CDB0A0D8-85E0-40FC-BF49-58F42D76F084}.Release|Any CPU.Build.0 = Release|Any CPU
	EndGlobalSection
	GlobalSection(SolutionProperties) = preSolution
		HideSolutionNode = FALSE
	EndGlobalSection
	GlobalSection(ExtensibilityGlobals) = postSolution
		SolutionGuid = {15633E6B-D350-4AEB-B439-9D2C9B10E3C1}
	EndGlobalSection
EndGlobal
